
Microsoft Visual Studio Solution File, Format Version 12.00
# Visual Studio Version 16
VisualStudioVersion = 16.0.29209.62
MinimumVisualStudioVersion = 10.0.40219.1
Project("{8BC9CEB8-8B4A-11D0-8D11-00A0C91BC942}") = "ReadExternalFile_II__CPP", "ReadExternalFile_II__CPP.vcxproj", "{B19379AA-1B0C-4DEB-948A-DE27B7B409EE}"
EndProject
Global
	GlobalSection(SolutionConfigurationPlatforms) = preSolution
		Debug|x64 = Debug|x64
		Debug|x86 = Debug|x86
		Release|x64 = Release|x64
		Release|x86 = Release|x86
	EndGlobalSection
	GlobalSection(ProjectConfigurationPlatforms) = postSolution
		{B19379AA-1B0C-4DEB-948A-DE27B7B409EE}.Debug|x64.ActiveCfg = Debug|x64
		{B19379AA-1B0C-4DEB-948A-DE27B7B409EE}.Debug|x64.Build.0 = Debug|x64
		{B19379AA-1B0C-4DEB-948A-DE27B7B409EE}.Debug|x86.ActiveCfg = Debug|Win32
		{B19379AA-1B0C-4DEB-948A-DE27B7B409EE}.Debug|x86.Build.0 = Debug|Win32
		{B19379AA-1B0C-4DEB-948A-DE27B7B409EE}.Release|x64.ActiveCfg = Release|x64
		{B19379AA-1B0C-4DEB-948A-DE27B7B409EE}.Release|x64.Build.0 = Release|x64
		{B19379AA-1B0C-4DEB-948A-DE27B7B409EE}.Release|x86.ActiveCfg = Release|Win32
		{B19379AA-1B0C-4DEB-948A-DE27B7B409EE}.Release|x86.Build.0 = Release|Win32
	EndGlobalSection
	GlobalSection(SolutionProperties) = preSolution
		HideSolutionNode = FALSE
	EndGlobalSection
	GlobalSection(ExtensibilityGlobals) = postSolution
		SolutionGuid = {94ED3A3E-D39D-43AD-B58E-7E98FAC1C3DB}
	EndGlobalSection
EndGlobal
